Microsoft Visual Studio Solution File, Format Version 11.00
# Visual Studio 2008

Project("{49828E4C-FEBF-07FC-1433-418E1474FAB5}") = "FlyingVR", "Assembly-CSharp.csproj", "{A1B16DF5-EB19-942F-B886-A691F0E0741C}"
EndProject
Project("{49828E4C-FEBF-07FC-1433-418E1474FAB5}") = "FlyingVR", "Assembly-CSharp-Editor.csproj", "{13047DC0-1ACF-2C87-EB84-B487AB882548}"
EndProject
Global
	GlobalSection(SolutionConfigurationPlatforms) = preSolution
		Debug|Any CPU = Debug|Any CPU
		Release|Any CPU = Release|Any CPU
	EndGlobalSection
	GlobalSection(ProjectConfigurationPlatforms) = postSolution
		{A1B16DF5-EB19-942F-B886-A691F0E0741C}.Debug|Any CPU.ActiveCfg = Debug|Any CPU
		{A1B16DF5-EB19-942F-B886-A691F0E0741C}.Debug|Any CPU.Build.0 = Debug|Any CPU
		{A1B16DF5-EB19-942F-B886-A691F0E0741C}.Release|Any CPU.ActiveCfg = Release|Any CPU
		{A1B16DF5-EB19-942F-B886-A691F0E0741C}.Release|Any CPU.Build.0 = Release|Any CPU
		{13047DC0-1ACF-2C87-EB84-B487AB882548}.Debug|Any CPU.ActiveCfg = Debug|Any CPU
		{13047DC0-1ACF-2C87-EB84-B487AB882548}.Debug|Any CPU.Build.0 = Debug|Any CPU
		{13047DC0-1ACF-2C87-EB84-B487AB882548}.Release|Any CPU.ActiveCfg = Release|Any CPU
		{13047DC0-1ACF-2C87-EB84-B487AB882548}.Release|Any CPU.Build.0 = Release|Any CPU
	EndGlobalSection
	GlobalSection(SolutionProperties) = preSolution
		HideSolutionNode = FALSE
	EndGlobalSection
	GlobalSection(MonoDevelopProperties) = preSolution
		StartupItem = Assembly-CSharp.csproj
	EndGlobalSection
EndGlobal
